<?xml version="1.0" encoding="utf-8"?>
<Project ToolsVersion="4.0" xmlns="http://schemas.microsoft.com/developer/msbuild/2003">
  <ItemGroup>
    <Filter Include="源文件">
      <UniqueIdentifier>{4FC737F1-C7A5-4376-A066-2A32D752A2FF}</UniqueIdentifier>
      <Extensions>cpp;c;cc;cxx;c++;cppm;ixx;def;odl;idl;hpj;bat;asm;asmx</Extensions>
    </Filter>
    <Filter Include="头文件">
      <UniqueIdentifier>{93995380-89BD-4b04-88EB-625FBE52EBFB}</UniqueIdentifier>
      <Extensions>h;hh;hpp;hxx;h++;hm;inl;inc;ipp;xsd</Extensions>
    </Filter>
    <Filter Include="资源文件">
      <UniqueIdentifier>{67DA6AB6-F800-4c08-8B7A-83BB121AAD01}</UniqueIdentifier>
      <Extensions>rc;ico;cur;bmp;dlg;rc2;rct;bin;rgs;gif;jpg;jpeg;jpe;resx;tiff;tif;png;wav;mfcribbon-ms</Extensions>
    </Filter>
  </ItemGroup>
  <ItemGroup>
    <ClCompile Include="main.cpp">
      <Filter>源文件</Filter>
    </ClCompile>
    <ClCompile Include="glad.c">
      <Filter>源文件</Filter>
    </ClCompile>
    <ClCompile Include="skybox.cpp">
      <Filter>源文件</Filter>
    </ClCompile>
    <ClCompile Include="scene.cpp">
      <Filter>源文件</Filter>
    </ClCompile>
    <ClCompile Include="model.cpp">
      <Filter>源文件</Filter>
    </ClCompile>
    <ClCompile Include="particle.cpp">
      <Filter>源文件</Filter>
    </ClCompile>
    <ClCompile Include="water.cpp">
      <Filter>源文件</Filter>
    </ClCompile>
  </ItemGroup>
  <ItemGroup>
    <ClInclude Include="skybox.h">
      <Filter>头文件</Filter>
    </ClInclude>
    <ClInclude Include="scene.h">
      <Filter>头文件</Filter>
    </ClInclude>
    <ClInclude Include="particle.h">
      <Filter>头文件</Filter>
    </ClInclude>
    <ClInclude Include="config.h">
      <Filter>头文件</Filter>
    </ClInclude>
    <ClInclude Include="water.h">
      <Filter>头文件</Filter>
    </ClInclude>
  </ItemGroup>
  <ItemGroup>
    <None Include="shaders\particle_shaders\particle_fs.glsl">
      <Filter>资源文件</Filter>
    </None>
    <None Include="shaders\particle_shaders\particle_gs.glsl">
      <Filter>资源文件</Filter>
    </None>
    <None Include="shaders\particle_shaders\particle_vs.glsl">
      <Filter>资源文件</Filter>
    </None>
    <None Include="shaders\particle_shaders\smoke_fs.glsl">
      <Filter>资源文件</Filter>
    </None>
    <None Include="shaders\particle_shaders\smoke_vs.glsl">
      <Filter>资源文件</Filter>
    </None>
    <None Include="shaders\PBR_shaders\PBR_fs.glsl">
      <Filter>资源文件</Filter>
    </None>
    <None Include="shaders\PBR_shaders\PBR_vs.glsl">
      <Filter>资源文件</Filter>
    </None>
    <None Include="shaders\shadows_shaders\point_shadows_fs.glsl">
      <Filter>资源文件</Filter>
    </None>
    <None Include="shaders\shadows_shaders\point_shadows_gs.glsl">
      <Filter>资源文件</Filter>
    </None>
    <None Include="shaders\shadows_shaders\point_shadows_vs.glsl">
      <Filter>资源文件</Filter>
    </None>
    <None Include="shaders\skybox_shaders\skybox_fs.glsl">
      <Filter>资源文件</Filter>
    </None>
    <None Include="shaders\skybox_shaders\skybox_vs.glsl">
      <Filter>资源文件</Filter>
    </None>
    <None Include="shaders\SSR_shaders\SSR_fs.glsl">
      <Filter>资源文件</Filter>
    </None>
    <None Include="shaders\SSR_shaders\SSR_vs.glsl">
      <Filter>资源文件</Filter>
    </None>
    <None Include="shaders\water_shaders\water_fs.glsl">
      <Filter>资源文件</Filter>
    </None>
    <None Include="shaders\water_shaders\water_gs.glsl">
      <Filter>资源文件</Filter>
    </None>
    <None Include="shaders\water_shaders\water_vs.glsl">
      <Filter>资源文件</Filter>
    </None>
  </ItemGroup>
</Project>